
Microsoft Visual Studio Solution File, Format Version 12.00
# Visual Studio Version 16
VisualStudioVersion = 16.0.30803.129
MinimumVisualStudioVersion = 10.0.40219.1
Project("{2150E333-8FDC-42A3-9474-1A3956D46DE8}") = "Data", "Data", "{4A70353B-1B5B-4B38-9200-2D91E301472B}"
EndProject
Project("{2150E333-8FDC-42A3-9474-1A3956D46DE8}") = "Infrastructure", "Infrastructure", "{49EB7B71-D49C-48A9-B929-B4FCC1D0DFC6}"
EndProject
Project("{2150E333-8FDC-42A3-9474-1A3956D46DE8}") = "Services", "Services", "{C16B881C-491C-4B94-92DA-ACE6A9D489BF}"
EndProject
Project("{9A19103F-16F7-4668-BE54-9A1E7A4F7556}") = "Rosterd.Admin.Api", "Rosterd.Admin.Api\Rosterd.Admin.Api.csproj", "{9F14EC6D-6644-4CA2-987E-C5B66D10E833}"
EndProject
Project("{9A19103F-16F7-4668-BE54-9A1E7A4F7556}") = "Rosterd.Client.Api", "Rosterd.Client.Api\Rosterd.Client.Api.csproj", "{EE483F7A-7485-4A9A-B3C5-E9C56B1AAB29}"
EndProject
Project("{9A19103F-16F7-4668-BE54-9A1E7A4F7556}") = "Rosterd.Domain", "Rosterd.Domain\Rosterd.Domain.csproj", "{2D04EE3E-050F-46F8-BF9D-92D2CCA27E27}"
EndProject
Project("{2150E333-8FDC-42A3-9474-1A3956D46DE8}") = "Tests", "Tests", "{E2CF2B03-6E67-4789-83C2-C14074B6257B}"
EndProject
Project("{2150E333-8FDC-42A3-9474-1A3956D46DE8}") = "Solution Items", "Solution Items", "{0AB9391A-BE81-47FC-9BFB-B472CD13F837}"
	ProjectSection(SolutionItems) = preProject
		.editorconfig = .editorconfig
	EndProjectSection
EndProject
Project("{9A19103F-16F7-4668-BE54-9A1E7A4F7556}") = "Rosterd.Data.SqlServer", "Rosterd.Data.SqlServer\Rosterd.Data.SqlServer.csproj", "{B1CBAB94-6362-4E96-A9D7-B837B01A6654}"
EndProject
Project("{9A19103F-16F7-4668-BE54-9A1E7A4F7556}") = "Rosterd.Services.Staff", "Rosterd.Services.Staff\Rosterd.Services.Staff.csproj", "{9A2D3608-C9B1-438C-92B4-FD5037EF7D22}"
EndProject
Project("{9A19103F-16F7-4668-BE54-9A1E7A4F7556}") = "Rosterd.Infrastructure.Extensions", "Rosterd.Infrastructure.Extensions\Rosterd.Infrastructure.Extensions.csproj", "{14FAA1F1-E9B0-426F-B16A-5168F2AB39C7}"
EndProject
Project("{9A19103F-16F7-4668-BE54-9A1E7A4F7556}") = "Rosterd.Infrastructure.Security", "Rosterd.Infrastructure.Security\Rosterd.Infrastructure.Security.csproj", "{F68402D4-C4BA-470B-BF78-DB88401DA654}"
EndProject
Project("{9A19103F-16F7-4668-BE54-9A1E7A4F7556}") = "Rosterd.Services.Facilities", "Rosterd.Services.Facilities\Rosterd.Services.Facilities.csproj", "{2238BE82-4BEE-420F-8594-C4326D0935A7}"
EndProject
Project("{9A19103F-16F7-4668-BE54-9A1E7A4F7556}") = "Rosterd.Services.Skills", "Rosterd.Services.Skills\Rosterd.Services.Skills.csproj", "{19335D21-C73D-4BE2-9335-35E981338835}"
EndProject
Project("{9A19103F-16F7-4668-BE54-9A1E7A4F7556}") = "Rosterd.Services.Jobs", "Rosterd.Services.Jobs\Rosterd.Services.Jobs.csproj", "{A5403D0D-7017-4DC6-875B-907D2EE31A90}"
EndProject
Project("{9A19103F-16F7-4668-BE54-9A1E7A4F7556}") = "Rosterd.Services.Mappers", "Rosterd.Services.Mappers\Rosterd.Services.Mappers.csproj", "{4A6C09C9-58AA-413E-8D8F-86C65DD2608C}"
EndProject
Project("{2150E333-8FDC-42A3-9474-1A3956D46DE8}") = "WebApis", "WebApis", "{3E4725BD-A9F5-4CD4-9035-36A1364E316B}"
EndProject
Project("{9A19103F-16F7-4668-BE54-9A1E7A4F7556}") = "Rosterd.Web.Infra", "Rosterd.Web.Infra\Rosterd.Web.Infra.csproj", "{5410CFE0-B3AE-4215-A6D1-74DA5022D02D}"
EndProject
Project("{9A19103F-16F7-4668-BE54-9A1E7A4F7556}") = "Rosterd.Data.TableStorage", "Rosterd.Data.TableStorage\Rosterd.Data.TableStorage.csproj", "{38309DAA-D5A4-42C1-AFE1-E94D0FD9F930}"
EndProject
Project("{9A19103F-16F7-4668-BE54-9A1E7A4F7556}") = "Rosterd.Services.Users", "Rosterd.Services.Users\Rosterd.Services.Users.csproj", "{484688C5-B23F-4E54-BB51-FD2D05E46CEB}"
EndProject
Project("{2150E333-8FDC-42A3-9474-1A3956D46DE8}") = "Database", "Database", "{65F40D9E-CA8A-4DCB-8E6D-5E70CB30A3EB}"
EndProject
Project("{00D1A9C2-B5F0-4AF3-8072-F6C62B433612}") = "Rosterd.Database", "Rosterd.Database\Rosterd.Database.sqlproj", "{8C170552-FEC9-4AB3-B345-A3CED491C6A1}"
EndProject
Global
	GlobalSection(SolutionConfigurationPlatforms) = preSolution
		Debug|Any CPU = Debug|Any CPU
		Release|Any CPU = Release|Any CPU
	EndGlobalSection
	GlobalSection(ProjectConfigurationPlatforms) = postSolution
		{9F14EC6D-6644-4CA2-987E-C5B66D10E833}.Debug|Any CPU.ActiveCfg = Debug|Any CPU
		{9F14EC6D-6644-4CA2-987E-C5B66D10E833}.Debug|Any CPU.Build.0 = Debug|Any CPU
		{9F14EC6D-6644-4CA2-987E-C5B66D10E833}.Release|Any CPU.ActiveCfg = Release|Any CPU
		{9F14EC6D-6644-4CA2-987E-C5B66D10E833}.Release|Any CPU.Build.0 = Release|Any CPU
		{EE483F7A-7485-4A9A-B3C5-E9C56B1AAB29}.Debug|Any CPU.ActiveCfg = Debug|Any CPU
		{EE483F7A-7485-4A9A-B3C5-E9C56B1AAB29}.Debug|Any CPU.Build.0 = Debug|Any CPU
		{EE483F7A-7485-4A9A-B3C5-E9C56B1AAB29}.Release|Any CPU.ActiveCfg = Release|Any CPU
		{EE483F7A-7485-4A9A-B3C5-E9C56B1AAB29}.Release|Any CPU.Build.0 = Release|Any CPU
		{2D04EE3E-050F-46F8-BF9D-92D2CCA27E27}.Debug|Any CPU.ActiveCfg = Debug|Any CPU
		{2D04EE3E-050F-46F8-BF9D-92D2CCA27E27}.Debug|Any CPU.Build.0 = Debug|Any CPU
		{2D04EE3E-050F-46F8-BF9D-92D2CCA27E27}.Release|Any CPU.ActiveCfg = Release|Any CPU
		{2D04EE3E-050F-46F8-BF9D-92D2CCA27E27}.Release|Any CPU.Build.0 = Release|Any CPU
		{B1CBAB94-6362-4E96-A9D7-B837B01A6654}.Debug|Any CPU.ActiveCfg = Debug|Any CPU
		{B1CBAB94-6362-4E96-A9D7-B837B01A6654}.Debug|Any CPU.Build.0 = Debug|Any CPU
		{B1CBAB94-6362-4E96-A9D7-B837B01A6654}.Release|Any CPU.ActiveCfg = Release|Any CPU
		{B1CBAB94-6362-4E96-A9D7-B837B01A6654}.Release|Any CPU.Build.0 = Release|Any CPU
		{9A2D3608-C9B1-438C-92B4-FD5037EF7D22}.Debug|Any CPU.ActiveCfg = Debug|Any CPU
		{9A2D3608-C9B1-438C-92B4-FD5037EF7D22}.Debug|Any CPU.Build.0 = Debug|Any CPU
		{9A2D3608-C9B1-438C-92B4-FD5037EF7D22}.Release|Any CPU.ActiveCfg = Release|Any CPU
		{9A2D3608-C9B1-438C-92B4-FD5037EF7D22}.Release|Any CPU.Build.0 = Release|Any CPU
		{14FAA1F1-E9B0-426F-B16A-5168F2AB39C7}.Debug|Any CPU.ActiveCfg = Debug|Any CPU
		{14FAA1F1-E9B0-426F-B16A-5168F2AB39C7}.Debug|Any CPU.Build.0 = Debug|Any CPU
		{14FAA1F1-E9B0-426F-B16A-5168F2AB39C7}.Release|Any CPU.ActiveCfg = Release|Any CPU
		{14FAA1F1-E9B0-426F-B16A-5168F2AB39C7}.Release|Any CPU.Build.0 = Release|Any CPU
		{F68402D4-C4BA-470B-BF78-DB88401DA654}.Debug|Any CPU.ActiveCfg = Debug|Any CPU
		{F68402D4-C4BA-470B-BF78-DB88401DA654}.Debug|Any CPU.Build.0 = Debug|Any CPU
		{F68402D4-C4BA-470B-BF78-DB88401DA654}.Release|Any CPU.ActiveCfg = Release|Any CPU
		{F68402D4-C4BA-470B-BF78-DB88401DA654}.Release|Any CPU.Build.0 = Release|Any CPU
		{2238BE82-4BEE-420F-8594-C4326D0935A7}.Debug|Any CPU.ActiveCfg = Debug|Any CPU
		{2238BE82-4BEE-420F-8594-C4326D0935A7}.Debug|Any CPU.Build.0 = Debug|Any CPU
		{2238BE82-4BEE-420F-8594-C4326D0935A7}.Release|Any CPU.ActiveCfg = Release|Any CPU
		{2238BE82-4BEE-420F-8594-C4326D0935A7}.Release|Any CPU.Build.0 = Release|Any CPU
		{19335D21-C73D-4BE2-9335-35E981338835}.Debug|Any CPU.ActiveCfg = Debug|Any CPU
		{19335D21-C73D-4BE2-9335-35E981338835}.Debug|Any CPU.Build.0 = Debug|Any CPU
		{19335D21-C73D-4BE2-9335-35E981338835}.Release|Any CPU.ActiveCfg = Release|Any CPU
		{19335D21-C73D-4BE2-9335-35E981338835}.Release|Any CPU.Build.0 = Release|Any CPU
		{A5403D0D-7017-4DC6-875B-907D2EE31A90}.Debug|Any CPU.ActiveCfg = Debug|Any CPU
		{A5403D0D-7017-4DC6-875B-907D2EE31A90}.Debug|Any CPU.Build.0 = Debug|Any CPU
		{A5403D0D-7017-4DC6-875B-907D2EE31A90}.Release|Any CPU.ActiveCfg = Release|Any CPU
		{A5403D0D-7017-4DC6-875B-907D2EE31A90}.Release|Any CPU.Build.0 = Release|Any CPU
		{4A6C09C9-58AA-413E-8D8F-86C65DD2608C}.Debug|Any CPU.ActiveCfg = Debug|Any CPU
		{4A6C09C9-58AA-413E-8D8F-86C65DD2608C}.Debug|Any CPU.Build.0 = Debug|Any CPU
		{4A6C09C9-58AA-413E-8D8F-86C65DD2608C}.Release|Any CPU.ActiveCfg = Release|Any CPU
		{4A6C09C9-58AA-413E-8D8F-86C65DD2608C}.Release|Any CPU.Build.0 = Release|Any CPU
		{5410CFE0-B3AE-4215-A6D1-74DA5022D02D}.Debug|Any CPU.ActiveCfg = Debug|Any CPU
		{5410CFE0-B3AE-4215-A6D1-74DA5022D02D}.Debug|Any CPU.Build.0 = Debug|Any CPU
		{5410CFE0-B3AE-4215-A6D1-74DA5022D02D}.Release|Any CPU.ActiveCfg = Release|Any CPU
		{5410CFE0-B3AE-4215-A6D1-74DA5022D02D}.Release|Any CPU.Build.0 = Release|Any CPU
		{38309DAA-D5A4-42C1-AFE1-E94D0FD9F930}.Debug|Any CPU.ActiveCfg = Debug|Any CPU
		{38309DAA-D5A4-42C1-AFE1-E94D0FD9F930}.Debug|Any CPU.Build.0 = Debug|Any CPU
		{38309DAA-D5A4-42C1-AFE1-E94D0FD9F930}.Release|Any CPU.ActiveCfg = Release|Any CPU
		{38309DAA-D5A4-42C1-AFE1-E94D0FD9F930}.Release|Any CPU.Build.0 = Release|Any CPU
		{484688C5-B23F-4E54-BB51-FD2D05E46CEB}.Debug|Any CPU.ActiveCfg = Debug|Any CPU
		{484688C5-B23F-4E54-BB51-FD2D05E46CEB}.Debug|Any CPU.Build.0 = Debug|Any CPU
		{484688C5-B23F-4E54-BB51-FD2D05E46CEB}.Release|Any CPU.ActiveCfg = Release|Any CPU
		{484688C5-B23F-4E54-BB51-FD2D05E46CEB}.Release|Any CPU.Build.0 = Release|Any CPU
		{8C170552-FEC9-4AB3-B345-A3CED491C6A1}.Debug|Any CPU.ActiveCfg = Debug|Any CPU
		{8C170552-FEC9-4AB3-B345-A3CED491C6A1}.Debug|Any CPU.Build.0 = Debug|Any CPU
		{8C170552-FEC9-4AB3-B345-A3CED491C6A1}.Debug|Any CPU.Deploy.0 = Debug|Any CPU
		{8C170552-FEC9-4AB3-B345-A3CED491C6A1}.Release|Any CPU.ActiveCfg = Release|Any CPU
		{8C170552-FEC9-4AB3-B345-A3CED491C6A1}.Release|Any CPU.Build.0 = Release|Any CPU
		{8C170552-FEC9-4AB3-B345-A3CED491C6A1}.Release|Any CPU.Deploy.0 = Release|Any CPU
	EndGlobalSection
	GlobalSection(SolutionProperties) = preSolution
		HideSolutionNode = FALSE
	EndGlobalSection
	GlobalSection(NestedProjects) = preSolution
		{9F14EC6D-6644-4CA2-987E-C5B66D10E833} = {3E4725BD-A9F5-4CD4-9035-36A1364E316B}
		{EE483F7A-7485-4A9A-B3C5-E9C56B1AAB29} = {3E4725BD-A9F5-4CD4-9035-36A1364E316B}
		{B1CBAB94-6362-4E96-A9D7-B837B01A6654} = {4A70353B-1B5B-4B38-9200-2D91E301472B}
		{9A2D3608-C9B1-438C-92B4-FD5037EF7D22} = {C16B881C-491C-4B94-92DA-ACE6A9D489BF}
		{14FAA1F1-E9B0-426F-B16A-5168F2AB39C7} = {49EB7B71-D49C-48A9-B929-B4FCC1D0DFC6}
		{F68402D4-C4BA-470B-BF78-DB88401DA654} = {49EB7B71-D49C-48A9-B929-B4FCC1D0DFC6}
		{2238BE82-4BEE-420F-8594-C4326D0935A7} = {C16B881C-491C-4B94-92DA-ACE6A9D489BF}
		{19335D21-C73D-4BE2-9335-35E981338835} = {C16B881C-491C-4B94-92DA-ACE6A9D489BF}
		{A5403D0D-7017-4DC6-875B-907D2EE31A90} = {C16B881C-491C-4B94-92DA-ACE6A9D489BF}
		{4A6C09C9-58AA-413E-8D8F-86C65DD2608C} = {C16B881C-491C-4B94-92DA-ACE6A9D489BF}
		{5410CFE0-B3AE-4215-A6D1-74DA5022D02D} = {3E4725BD-A9F5-4CD4-9035-36A1364E316B}
		{38309DAA-D5A4-42C1-AFE1-E94D0FD9F930} = {4A70353B-1B5B-4B38-9200-2D91E301472B}
		{484688C5-B23F-4E54-BB51-FD2D05E46CEB} = {C16B881C-491C-4B94-92DA-ACE6A9D489BF}
		{8C170552-FEC9-4AB3-B345-A3CED491C6A1} = {65F40D9E-CA8A-4DCB-8E6D-5E70CB30A3EB}
	EndGlobalSection
	GlobalSection(ExtensibilityGlobals) = postSolution
		SolutionGuid = {2DA4ED17-3CA8-499E-A97F-35DAF7C0E6C3}
	EndGlobalSection
EndGlobal
